// !$*UTF8*$!
{
	archiveVersion = 1;
	classes = {
	};
	objectVersion = 50;
	objects = {

/* Begin PBXBuildFile section */
		DFFD8F48271A8E53008C5D3C /* AppDelegate.swift in Sources */ = {isa = PBXBuildFile; fileRef = DFFD8F47271A8E53008C5D3C /* AppDelegate.swift */; };
		DFFD8F4A271A8E53008C5D3C /* SceneDelegate.swift in Sources */ = {isa = PBXBuildFile; fileRef = DFFD8F49271A8E53008C5D3C /* SceneDelegate.swift */; };
		DFFD8F4F271A8E53008C5D3C /* Main.storyboard in Resources */ = {isa = PBXBuildFile; fileRef = DFFD8F4D271A8E53008C5D3C /* Main.storyboard */; };
		DFFD8F51271A8E5B008C5D3C /* Assets.xcassets in Resources */ = {isa = PBXBuildFile; fileRef = DFFD8F50271A8E5B008C5D3C /* Assets.xcassets */; };
		DFFD8F54271A8E5B008C5D3C /* LaunchScreen.storyboard in Resources */ = {isa = PBXBuildFile; fileRef = DFFD8F52271A8E5B008C5D3C /* LaunchScreen.storyboard */; };
		DFFD8F5F271A8E5B008C5D3C /* ContactsAppTests.swift in Sources */ = {isa = PBXBuildFile; fileRef = DFFD8F5E271A8E5B008C5D3C /* ContactsAppTests.swift */; };
		DFFD8F6A271A8E5B008C5D3C /* ContactsAppUITests.swift in Sources */ = {isa = PBXBuildFile; fileRef = DFFD8F69271A8E5B008C5D3C /* ContactsAppUITests.swift */; };
		DFFD8F88271A9BA6008C5D3C /* ContactsHomeViewController.swift in Sources */ = {isa = PBXBuildFile; fileRef = DFFD8F87271A9BA6008C5D3C /* ContactsHomeViewController.swift */; };
		DFFD8F90271A9BB7008C5D3C /* ContactsHomeViewModel.swift in Sources */ = {isa = PBXBuildFile; fileRef = DFFD8F8F271A9BB7008C5D3C /* ContactsHomeViewModel.swift */; };
		DFFD8F95271A9F95008C5D3C /* ContactsHomeModel.swift in Sources */ = {isa = PBXBuildFile; fileRef = DFFD8F94271A9F95008C5D3C /* ContactsHomeModel.swift */; };
		DFFD8F9C271AA515008C5D3C /* ContactsHomeTableViewCell.swift in Sources */ = {isa = PBXBuildFile; fileRef = DFFD8F9A271AA515008C5D3C /* ContactsHomeTableViewCell.swift */; };
		DFFD8F9D271AA515008C5D3C /* ContactsHomeTableViewCell.xib in Resources */ = {isa = PBXBuildFile; fileRef = DFFD8F9B271AA515008C5D3C /* ContactsHomeTableViewCell.xib */; };
		DFFD8FAA271AA96B008C5D3C /* NetworkingHelper.swift in Sources */ = {isa = PBXBuildFile; fileRef = DFFD8FA8271AA96B008C5D3C /* NetworkingHelper.swift */; };
		DFFD8FAB271AA96B008C5D3C /* Helper.swift in Sources */ = {isa = PBXBuildFile; fileRef = DFFD8FA9271AA96B008C5D3C /* Helper.swift */; };
		DFFD8FB1271AB32E008C5D3C /* ContactDetailViewController.swift in Sources */ = {isa = PBXBuildFile; fileRef = DFFD8FB0271AB32E008C5D3C /* ContactDetailViewController.swift */; };
		DFFD8FB6271AB342008C5D3C /* ContactDetailViewModel.swift in Sources */ = {isa = PBXBuildFile; fileRef = DFFD8FB5271AB342008C5D3C /* ContactDetailViewModel.swift */; };
		DFFD8FBB271AB354008C5D3C /* ContactDetailModel.swift in Sources */ = {isa = PBXBuildFile; fileRef = DFFD8FBA271AB354008C5D3C /* ContactDetailModel.swift */; };
		DFFD8FC0271AB728008C5D3C /* ContactsHomeRouter.swift in Sources */ = {isa = PBXBuildFile; fileRef = DFFD8FBF271AB728008C5D3C /* ContactsHomeRouter.swift */; };
		DFFD8FC5271ABCC9008C5D3C /* ContactDetailRouter.swift in Sources */ = {isa = PBXBuildFile; fileRef = DFFD8FC4271ABCC9008C5D3C /* ContactDetailRouter.swift */; };
/* End PBXBuildFile section */

/* Begin PBXContainerItemProxy section */
		DFFD8F5B271A8E5B008C5D3C /* PBXContainerItemProxy */ = {
			isa = PBXContainerItemProxy;
			containerPortal = DFFD8F3C271A8E53008C5D3C /* Project object */;
			proxyType = 1;
			remoteGlobalIDString = DFFD8F43271A8E53008C5D3C;
			remoteInfo = ContactsApp;
		};
		DFFD8F66271A8E5B008C5D3C /* PBXContainerItemProxy */ = {
			isa = PBXContainerItemProxy;
			containerPortal = DFFD8F3C271A8E53008C5D3C /* Project object */;
			proxyType = 1;
			remoteGlobalIDString = DFFD8F43271A8E53008C5D3C;
			remoteInfo = ContactsApp;
		};
/* End PBXContainerItemProxy section */

/* Begin PBXFileReference section */
		DFFD8F44271A8E53008C5D3C /* ContactsApp.app */ = {isa = PBXFileReference; explicitFileType = wrapper.application; includeInIndex = 0; path = ContactsApp.app; sourceTree = BUILT_PRODUCTS_DIR; };
		DFFD8F47271A8E53008C5D3C /* AppDelegate.swift */ = {isa = PBXFileReference; lastKnownFileType = sourcecode.swift; path = AppDelegate.swift; sourceTree = "<group>"; };
		DFFD8F49271A8E53008C5D3C /* SceneDelegate.swift */ = {isa = PBXFileReference; lastKnownFileType = sourcecode.swift; path = SceneDelegate.swift; sourceTree = "<group>"; };
		DFFD8F4E271A8E53008C5D3C /* Base */ = {isa = PBXFileReference; lastKnownFileType = file.storyboard; name = Base; path = Base.lproj/Main.storyboard; sourceTree = "<group>"; };
		DFFD8F50271A8E5B008C5D3C /* Assets.xcassets */ = {isa = PBXFileReference; lastKnownFileType = folder.assetcatalog; path = Assets.xcassets; sourceTree = "<group>"; };
		DFFD8F53271A8E5B008C5D3C /* Base */ = {isa = PBXFileReference; lastKnownFileType = file.storyboard; name = Base; path = Base.lproj/LaunchScreen.storyboard; sourceTree = "<group>"; };
		DFFD8F55271A8E5B008C5D3C /* Info.plist */ = {isa = PBXFileReference; lastKnownFileType = text.plist.xml; path = Info.plist; sourceTree = "<group>"; };
		DFFD8F5A271A8E5B008C5D3C /* ContactsAppTests.xctest */ = {isa = PBXFileReference; explicitFileType = wrapper.cfbundle; includeInIndex = 0; path = ContactsAppTests.xctest; sourceTree = BUILT_PRODUCTS_DIR; };
		DFFD8F5E271A8E5B008C5D3C /* ContactsAppTests.swift */ = {isa = PBXFileReference; lastKnownFileType = sourcecode.swift; path = ContactsAppTests.swift; sourceTree = "<group>"; };
		DFFD8F60271A8E5B008C5D3C /* Info.plist */ = {isa = PBXFileReference; lastKnownFileType = text.plist.xml; path = Info.plist; sourceTree = "<group>"; };
		DFFD8F65271A8E5B008C5D3C /* ContactsAppUITests.xctest */ = {isa = PBXFileReference; explicitFileType = wrapper.cfbundle; includeInIndex = 0; path = ContactsAppUITests.xctest; sourceTree = BUILT_PRODUCTS_DIR; };
		DFFD8F69271A8E5B008C5D3C /* ContactsAppUITests.swift */ = {isa = PBXFileReference; lastKnownFileType = sourcecode.swift; path = ContactsAppUITests.swift; sourceTree = "<group>"; };
		DFFD8F6B271A8E5B008C5D3C /* Info.plist */ = {isa = PBXFileReference; lastKnownFileType = text.plist.xml; path = Info.plist; sourceTree = "<group>"; };
		DFFD8F87271A9BA6008C5D3C /* ContactsHomeViewController.swift */ = {isa = PBXFileReference; lastKnownFileType = sourcecode.swift; path = ContactsHomeViewController.swift; sourceTree = "<group>"; };
		DFFD8F8F271A9BB7008C5D3C /* ContactsHomeViewModel.swift */ = {isa = PBXFileReference; lastKnownFileType = sourcecode.swift; path = ContactsHomeViewModel.swift; sourceTree = "<group>"; };
		DFFD8F94271A9F95008C5D3C /* ContactsHomeModel.swift */ = {isa = PBXFileReference; lastKnownFileType = sourcecode.swift; path = ContactsHomeModel.swift; sourceTree = "<group>"; };
		DFFD8F9A271AA515008C5D3C /* ContactsHomeTableViewCell.swift */ = {isa = PBXFileReference; lastKnownFileType = sourcecode.swift; path = ContactsHomeTableViewCell.swift; sourceTree = "<group>"; };
		DFFD8F9B271AA515008C5D3C /* ContactsHomeTableViewCell.xib */ = {isa = PBXFileReference; lastKnownFileType = file.xib; path = ContactsHomeTableViewCell.xib; sourceTree = "<group>"; };
		DFFD8FA8271AA96B008C5D3C /* NetworkingHelper.swift */ = {isa = PBXFileReference; fileEncoding = 4; lastKnownFileType = sourcecode.swift; path = NetworkingHelper.swift; sourceTree = "<group>"; };
		DFFD8FA9271AA96B008C5D3C /* Helper.swift */ = {isa = PBXFileReference; fileEncoding = 4; lastKnownFileType = sourcecode.swift; path = Helper.swift; sourceTree = "<group>"; };
		DFFD8FB0271AB32E008C5D3C /* ContactDetailViewController.swift */ = {isa = PBXFileReference; lastKnownFileType = sourcecode.swift; path = ContactDetailViewController.swift; sourceTree = "<group>"; };
		DFFD8FB5271AB342008C5D3C /* ContactDetailViewModel.swift */ = {isa = PBXFileReference; lastKnownFileType = sourcecode.swift; path = ContactDetailViewModel.swift; sourceTree = "<group>"; };
		DFFD8FBA271AB354008C5D3C /* ContactDetailModel.swift */ = {isa = PBXFileReference; lastKnownFileType = sourcecode.swift; path = ContactDetailModel.swift; sourceTree = "<group>"; };
		DFFD8FBF271AB728008C5D3C /* ContactsHomeRouter.swift */ = {isa = PBXFileReference; lastKnownFileType = sourcecode.swift; path = ContactsHomeRouter.swift; sourceTree = "<group>"; };
		DFFD8FC4271ABCC9008C5D3C /* ContactDetailRouter.swift */ = {isa = PBXFileReference; lastKnownFileType = sourcecode.swift; path = ContactDetailRouter.swift; sourceTree = "<group>"; };
/* End PBXFileReference section */

/* Begin PBXFrameworksBuildPhase section */
		DFFD8F41271A8E53008C5D3C /* Frameworks */ = {
			isa = PBXFrameworksBuildPhase;
			buildActionMask = 2147483647;
			files = (
			);
			runOnlyForDeploymentPostprocessing = 0;
		};
		DFFD8F57271A8E5B008C5D3C /* Frameworks */ = {
			isa = PBXFrameworksBuildPhase;
			buildActionMask = 2147483647;
			files = (
			);
			runOnlyForDeploymentPostprocessing = 0;
		};
		DFFD8F62271A8E5B008C5D3C /* Frameworks */ = {
			isa = PBXFrameworksBuildPhase;
			buildActionMask = 2147483647;
			files = (
			);
			runOnlyForDeploymentPostprocessing = 0;
		};
/* End PBXFrameworksBuildPhase section */

/* Begin PBXGroup section */
		DFFD8F3B271A8E53008C5D3C = {
			isa = PBXGroup;
			children = (
				DFFD8F46271A8E53008C5D3C /* ContactsApp */,
				DFFD8F5D271A8E5B008C5D3C /* ContactsAppTests */,
				DFFD8F68271A8E5B008C5D3C /* ContactsAppUITests */,
				DFFD8F45271A8E53008C5D3C /* Products */,
			);
			sourceTree = "<group>";
		};
		DFFD8F45271A8E53008C5D3C /* Products */ = {
			isa = PBXGroup;
			children = (
				DFFD8F44271A8E53008C5D3C /* ContactsApp.app */,
				DFFD8F5A271A8E5B008C5D3C /* ContactsAppTests.xctest */,
				DFFD8F65271A8E5B008C5D3C /* ContactsAppUITests.xctest */,
			);
			name = Products;
			sourceTree = "<group>";
		};
		DFFD8F46271A8E53008C5D3C /* ContactsApp */ = {
			isa = PBXGroup;
			children = (
				DFFD8FAF271AB306008C5D3C /* ContactDetail */,
				DFFD8FA7271AA958008C5D3C /* Helpers */,
				DFFD8F86271A9B4C008C5D3C /* ContactsHome */,
				DFFD8F47271A8E53008C5D3C /* AppDelegate.swift */,
				DFFD8F49271A8E53008C5D3C /* SceneDelegate.swift */,
				DFFD8F4D271A8E53008C5D3C /* Main.storyboard */,
				DFFD8F50271A8E5B008C5D3C /* Assets.xcassets */,
				DFFD8F52271A8E5B008C5D3C /* LaunchScreen.storyboard */,
				DFFD8F55271A8E5B008C5D3C /* Info.plist */,
			);
			path = ContactsApp;
			sourceTree = "<group>";
		};
		DFFD8F5D271A8E5B008C5D3C /* ContactsAppTests */ = {
			isa = PBXGroup;
			children = (
				DFFD8F5E271A8E5B008C5D3C /* ContactsAppTests.swift */,
				DFFD8F60271A8E5B008C5D3C /* Info.plist */,
			);
			path = ContactsAppTests;
			sourceTree = "<group>";
		};
		DFFD8F68271A8E5B008C5D3C /* ContactsAppUITests */ = {
			isa = PBXGroup;
			children = (
				DFFD8F69271A8E5B008C5D3C /* ContactsAppUITests.swift */,
				DFFD8F6B271A8E5B008C5D3C /* Info.plist */,
			);
			path = ContactsAppUITests;
			sourceTree = "<group>";
		};
		DFFD8F86271A9B4C008C5D3C /* ContactsHome */ = {
			isa = PBXGroup;
			children = (
				DFFD8F99271AA4EC008C5D3C /* Cell */,
				DFFD8F87271A9BA6008C5D3C /* ContactsHomeViewController.swift */,
				DFFD8F8F271A9BB7008C5D3C /* ContactsHomeViewModel.swift */,
				DFFD8F94271A9F95008C5D3C /* ContactsHomeModel.swift */,
				DFFD8FBF271AB728008C5D3C /* ContactsHomeRouter.swift */,
			);
			path = ContactsHome;
			sourceTree = "<group>";
		};
		DFFD8F99271AA4EC008C5D3C /* Cell */ = {
			isa = PBXGroup;
			children = (
				DFFD8F9A271AA515008C5D3C /* ContactsHomeTableViewCell.swift */,
				DFFD8F9B271AA515008C5D3C /* ContactsHomeTableViewCell.xib */,
			);
			path = Cell;
			sourceTree = "<group>";
		};
		DFFD8FA7271AA958008C5D3C /* Helpers */ = {
			isa = PBXGroup;
			children = (
				DFFD8FA9271AA96B008C5D3C /* Helper.swift */,
				DFFD8FA8271AA96B008C5D3C /* NetworkingHelper.swift */,
			);
			path = Helpers;
			sourceTree = "<group>";
		};
		DFFD8FAF271AB306008C5D3C /* ContactDetail */ = {
			isa = PBXGroup;
			children = (
				DFFD8FB0271AB32E008C5D3C /* ContactDetailViewController.swift */,
				DFFD8FB5271AB342008C5D3C /* ContactDetailViewModel.swift */,
				DFFD8FBA271AB354008C5D3C /* ContactDetailModel.swift */,
				DFFD8FC4271ABCC9008C5D3C /* ContactDetailRouter.swift */,
			);
			path = ContactDetail;
			sourceTree = "<group>";
		};
/* End PBXGroup section */

/* Begin PBXNativeTarget section */
		DFFD8F43271A8E53008C5D3C /* ContactsApp */ = {
			isa = PBXNativeTarget;
			buildConfigurationList = DFFD8F6E271A8E5B008C5D3C /* Build configuration list for PBXNativeTarget "ContactsApp" */;
			buildPhases = (
				DFFD8F40271A8E53008C5D3C /* Sources */,
				DFFD8F41271A8E53008C5D3C /* Frameworks */,
				DFFD8F42271A8E53008C5D3C /* Resources */,
			);
			buildRules = (
			);
			dependencies = (
			);
			name = ContactsApp;
			productName = ContactsApp;
			productReference = DFFD8F44271A8E53008C5D3C /* ContactsApp.app */;
			productType = "com.apple.product-type.application";
		};
		DFFD8F59271A8E5B008C5D3C /* ContactsAppTests */ = {
			isa = PBXNativeTarget;
			buildConfigurationList = DFFD8F71271A8E5B008C5D3C /* Build configuration list for PBXNativeTarget "ContactsAppTests" */;
			buildPhases = (
				DFFD8F56271A8E5B008C5D3C /* Sources */,
				DFFD8F57271A8E5B008C5D3C /* Frameworks */,
				DFFD8F58271A8E5B008C5D3C /* Resources */,
			);
			buildRules = (
			);
			dependencies = (
				DFFD8F5C271A8E5B008C5D3C /* PBXTargetDependency */,
			);
			name = ContactsAppTests;
			productName = ContactsAppTests;
			productReference = DFFD8F5A271A8E5B008C5D3C /* ContactsAppTests.xctest */;
			productType = "com.apple.product-type.bundle.unit-test";
		};
		DFFD8F64271A8E5B008C5D3C /* ContactsAppUITests */ = {
			isa = PBXNativeTarget;
			buildConfigurationList = DFFD8F74271A8E5B008C5D3C /* Build configuration list for PBXNativeTarget "ContactsAppUITests" */;
			buildPhases = (
				DFFD8F61271A8E5B008C5D3C /* Sources */,
				DFFD8F62271A8E5B008C5D3C /* Frameworks */,
				DFFD8F63271A8E5B008C5D3C /* Resources */,
			);
			buildRules = (
			);
			dependencies = (
				DFFD8F67271A8E5B008C5D3C /* PBXTargetDependency */,
			);
			name = ContactsAppUITests;
			productName = ContactsAppUITests;
			productReference = DFFD8F65271A8E5B008C5D3C /* ContactsAppUITests.xctest */;
			productType = "com.apple.product-type.bundle.ui-testing";
		};
/* End PBXNativeTarget section */

/* Begin PBXProject section */
		DFFD8F3C271A8E53008C5D3C /* Project object */ = {
			isa = PBXProject;
			attributes = {
				LastSwiftUpdateCheck = 1230;
				LastUpgradeCheck = 1230;
				TargetAttributes = {
					DFFD8F43271A8E53008C5D3C = {
						CreatedOnToolsVersion = 12.3;
					};
					DFFD8F59271A8E5B008C5D3C = {
						CreatedOnToolsVersion = 12.3;
						TestTargetID = DFFD8F43271A8E53008C5D3C;
					};
					DFFD8F64271A8E5B008C5D3C = {
						CreatedOnToolsVersion = 12.3;
						TestTargetID = DFFD8F43271A8E53008C5D3C;
					};
				};
			};
			buildConfigurationList = DFFD8F3F271A8E53008C5D3C /* Build configuration list for PBXProject "ContactsApp" */;
			compatibilityVersion = "Xcode 9.3";
			developmentRegion = en;
			hasScannedForEncodings = 0;
			knownRegions = (
				en,
				Base,
			);
			mainGroup = DFFD8F3B271A8E53008C5D3C;
			productRefGroup = DFFD8F45271A8E53008C5D3C /* Products */;
			projectDirPath = "";
			projectRoot = "";
			targets = (
				DFFD8F43271A8E53008C5D3C /* ContactsApp */,
				DFFD8F59271A8E5B008C5D3C /* ContactsAppTests */,
				DFFD8F64271A8E5B008C5D3C /* ContactsAppUITests */,
			);
		};
/* End PBXProject section */

/* Begin PBXResourcesBuildPhase section */
		DFFD8F42271A8E53008C5D3C /* Resources */ = {
			isa = PBXResourcesBuildPhase;
			buildActionMask = 2147483647;
			files = (
				DFFD8F54271A8E5B008C5D3C /* LaunchScreen.storyboard in Resources */,
				DFFD8F9D271AA515008C5D3C /* ContactsHomeTableViewCell.xib in Resources */,
				DFFD8F51271A8E5B008C5D3C /* Assets.xcassets in Resources */,
				DFFD8F4F271A8E53008C5D3C /* Main.storyboard in Resources */,
			);
			runOnlyForDeploymentPostprocessing = 0;
		};
		DFFD8F58271A8E5B008C5D3C /* Resources */ = {
			isa = PBXResourcesBuildPhase;
			buildActionMask = 2147483647;
			files = (
			);
			runOnlyForDeploymentPostprocessing = 0;
		};
		DFFD8F63271A8E5B008C5D3C /* Resources */ = {
			isa = PBXResourcesBuildPhase;
			buildActionMask = 2147483647;
			files = (
			);
			runOnlyForDeploymentPostprocessing = 0;
		};
/* End PBXResourcesBuildPhase section */

/* Begin PBXSourcesBuildPhase section */
		DFFD8F40271A8E53008C5D3C /* Sources */ = {
			isa = PBXSourcesBuildPhase;
			buildActionMask = 2147483647;
			files = (
				DFFD8F95271A9F95008C5D3C /* ContactsHomeModel.swift in Sources */,
				DFFD8F48271A8E53008C5D3C /* AppDelegate.swift in Sources */,
				DFFD8FC5271ABCC9008C5D3C /* ContactDetailRouter.swift in Sources */,
				DFFD8F4A271A8E53008C5D3C /* SceneDelegate.swift in Sources */,
				DFFD8F9C271AA515008C5D3C /* ContactsHomeTableViewCell.swift in Sources */,
				DFFD8FC0271AB728008C5D3C /* ContactsHomeRouter.swift in Sources */,
				DFFD8FB1271AB32E008C5D3C /* ContactDetailViewController.swift in Sources */,
				DFFD8FBB271AB354008C5D3C /* ContactDetailModel.swift in Sources */,
				DFFD8FAA271AA96B008C5D3C /* NetworkingHelper.swift in Sources */,
				DFFD8F90271A9BB7008C5D3C /* ContactsHomeViewModel.swift in Sources */,
				DFFD8F88271A9BA6008C5D3C /* ContactsHomeViewController.swift in Sources */,
				DFFD8FB6271AB342008C5D3C /* ContactDetailViewModel.swift in Sources */,
				DFFD8FAB271AA96B008C5D3C /* Helper.swift in Sources */,
			);
			runOnlyForDeploymentPostprocessing = 0;
		};
		DFFD8F56271A8E5B008C5D3C /* Sources */ = {
			isa = PBXSourcesBuildPhase;
			buildActionMask = 2147483647;
			files = (
				DFFD8F5F271A8E5B008C5D3C /* ContactsAppTests.swift in Sources */,
			);
			runOnlyForDeploymentPostprocessing = 0;
		};
		DFFD8F61271A8E5B008C5D3C /* Sources */ = {
			isa = PBXSourcesBuildPhase;
			buildActionMask = 2147483647;
			files = (
				DFFD8F6A271A8E5B008C5D3C /* ContactsAppUITests.swift in Sources */,
			);
			runOnlyForDeploymentPostprocessing = 0;
		};
/* End PBXSourcesBuildPhase section */

/* Begin PBXTargetDependency section */
		DFFD8F5C271A8E5B008C5D3C /* PBXTargetDependency */ = {
			isa = PBXTargetDependency;
			target = DFFD8F43271A8E53008C5D3C /* ContactsApp */;
			targetProxy = DFFD8F5B271A8E5B008C5D3C /* PBXContainerItemProxy */;
		};
		DFFD8F67271A8E5B008C5D3C /* PBXTargetDependency */ = {
			isa = PBXTargetDependency;
			target = DFFD8F43271A8E53008C5D3C /* ContactsApp */;
			targetProxy = DFFD8F66271A8E5B008C5D3C /* PBXContainerItemProxy */;
		};
/* End PBXTargetDependency section */

/* Begin PBXVariantGroup section */
		DFFD8F4D271A8E53008C5D3C /* Main.storyboard */ = {
			isa = PBXVariantGroup;
			children = (
				DFFD8F4E271A8E53008C5D3C /* Base */,
			);
			name = Main.storyboard;
			sourceTree = "<group>";
		};
		DFFD8F52271A8E5B008C5D3C /* LaunchScreen.storyboard */ = {
			isa = PBXVariantGroup;
			children = (
				DFFD8F53271A8E5B008C5D3C /* Base */,
			);
			name = LaunchScreen.storyboard;
			sourceTree = "<group>";
		};
/* End PBXVariantGroup section */

/* Begin XCBuildConfiguration section */
		DFFD8F6C271A8E5B008C5D3C /* Debug */ = {
			isa = XCBuildConfiguration;
			buildSettings = {
				ALWAYS_SEARCH_USER_PATHS = NO;
				CLANG_ANALYZER_NONNULL = YES;
				CLANG_ANALYZER_NUMBER_OBJECT_CONVERSION = YES_AGGRESSIVE;
				CLANG_CXX_LANGUAGE_STANDARD = "gnu++14";
				CLANG_CXX_LIBRARY = "libc++";
				CLANG_ENABLE_MODULES = YES;
				CLANG_ENABLE_OBJC_ARC = YES;
				CLANG_ENABLE_OBJC_WEAK = YES;
				CLANG_WARN_BLOCK_CAPTURE_AUTORELEASING = YES;
				CLANG_WARN_BOOL_CONVERSION = YES;
				CLANG_WARN_COMMA = YES;
				CLANG_WARN_CONSTANT_CONVERSION = YES;
				CLANG_WARN_DEPRECATED_OBJC_IMPLEMENTATIONS = YES;
				CLANG_WARN_DIRECT_OBJC_ISA_USAGE = YES_ERROR;
				CLANG_WARN_DOCUMENTATION_COMMENTS = YES;
				CLANG_WARN_EMPTY_BODY = YES;
				CLANG_WARN_ENUM_CONVERSION = YES;
				CLANG_WARN_INFINITE_RECURSION = YES;
				CLANG_WARN_INT_CONVERSION = YES;
				CLANG_WARN_NON_LITERAL_NULL_CONVERSION = YES;
				CLANG_WARN_OBJC_IMPLICIT_RETAIN_SELF = YES;
				CLANG_WARN_OBJC_LITERAL_CONVERSION = YES;
				CLANG_WARN_OBJC_ROOT_CLASS = YES_ERROR;
				CLANG_WARN_QUOTED_INCLUDE_IN_FRAMEWORK_HEADER = YES;
				CLANG_WARN_RANGE_LOOP_ANALYSIS = YES;
				CLANG_WARN_STRICT_PROTOTYPES = YES;
				CLANG_WARN_SUSPICIOUS_MOVE = YES;
				CLANG_WARN_UNGUARDED_AVAILABILITY = YES_AGGRESSIVE;
				CLANG_WARN_UNREACHABLE_CODE = YES;
				CLANG_WARN__DUPLICATE_METHOD_MATCH = YES;
				COPY_PHASE_STRIP = NO;
				DEBUG_INFORMATION_FORMAT = dwarf;
				ENABLE_STRICT_OBJC_MSGSEND = YES;
				ENABLE_TESTABILITY = YES;
				GCC_C_LANGUAGE_STANDARD = gnu11;
				GCC_DYNAMIC_NO_PIC = NO;
				GCC_NO_COMMON_BLOCKS = YES;
				GCC_OPTIMIZATION_LEVEL = 0;
				GCC_PREPROCESSOR_DEFINITIONS = (
					"DEBUG=1",
					"$(inherited)",
				);
				GCC_WARN_64_TO_32_BIT_CONVERSION = YES;
				GCC_WARN_ABOUT_RETURN_TYPE = YES_ERROR;
				GCC_WARN_UNDECLARED_SELECTOR = YES;
				GCC_WARN_UNINITIALIZED_AUTOS = YES_AGGRESSIVE;
				GCC_WARN_UNUSED_FUNCTION = YES;
				GCC_WARN_UNUSED_VARIABLE = YES;
				IPHONEOS_DEPLOYMENT_TARGET = 14.3;
				MTL_ENABLE_DEBUG_INFO = INCLUDE_SOURCE;
				MTL_FAST_MATH = YES;
				ONLY_ACTIVE_ARCH = YES;
				SDKROOT = iphoneos;
				SWIFT_ACTIVE_COMPILATION_CONDITIONS = DEBUG;
				SWIFT_OPTIMIZATION_LEVEL = "-Onone";
			};
			name = Debug;
		};
		DFFD8F6D271A8E5B008C5D3C /* Release */ = {
			isa = XCBuildConfiguration;
			buildSettings = {
				ALWAYS_SEARCH_USER_PATHS = NO;
				CLANG_ANALYZER_NONNULL = YES;
				CLANG_ANALYZER_NUMBER_OBJECT_CONVERSION = YES_AGGRESSIVE;
				CLANG_CXX_LANGUAGE_STANDARD = "gnu++14";
				CLANG_CXX_LIBRARY = "libc++";
				CLANG_ENABLE_MODULES = YES;
				CLANG_ENABLE_OBJC_ARC = YES;
				CLANG_ENABLE_OBJC_WEAK = YES;
				CLANG_WARN_BLOCK_CAPTURE_AUTORELEASING = YES;
				CLANG_WARN_BOOL_CONVERSION = YES;
				CLANG_WARN_COMMA = YES;
				CLANG_WARN_CONSTANT_CONVERSION = YES;
				CLANG_WARN_DEPRECATED_OBJC_IMPLEMENTATIONS = YES;
				CLANG_WARN_DIRECT_OBJC_ISA_USAGE = YES_ERROR;
				CLANG_WARN_DOCUMENTATION_COMMENTS = YES;
				CLANG_WARN_EMPTY_BODY = YES;
				CLANG_WARN_ENUM_CONVERSION = YES;
				CLANG_WARN_INFINITE_RECURSION = YES;
				CLANG_WARN_INT_CONVERSION = YES;
				CLANG_WARN_NON_LITERAL_NULL_CONVERSION = YES;
				CLANG_WARN_OBJC_IMPLICIT_RETAIN_SELF = YES;
				CLANG_WARN_OBJC_LITERAL_CONVERSION = YES;
				CLANG_WARN_OBJC_ROOT_CLASS = YES_ERROR;
				CLANG_WARN_QUOTED_INCLUDE_IN_FRAMEWORK_HEADER = YES;
				CLANG_WARN_RANGE_LOOP_ANALYSIS = YES;
				CLANG_WARN_STRICT_PROTOTYPES = YES;
				CLANG_WARN_SUSPICIOUS_MOVE = YES;
				CLANG_WARN_UNGUARDED_AVAILABILITY = YES_AGGRESSIVE;
				CLANG_WARN_UNREACHABLE_CODE = YES;
				CLANG_WARN__DUPLICATE_METHOD_MATCH = YES;
				COPY_PHASE_STRIP = NO;
				DEBUG_INFORMATION_FORMAT = "dwarf-with-dsym";
				ENABLE_NS_ASSERTIONS = NO;
				ENABLE_STRICT_OBJC_MSGSEND = YES;
				GCC_C_LANGUAGE_STANDARD = gnu11;
				GCC_NO_COMMON_BLOCKS = YES;
				GCC_WARN_64_TO_32_BIT_CONVERSION = YES;
				GCC_WARN_ABOUT_RETURN_TYPE = YES_ERROR;
				GCC_WARN_UNDECLARED_SELECTOR = YES;
				GCC_WARN_UNINITIALIZED_AUTOS = YES_AGGRESSIVE;
				GCC_WARN_UNUSED_FUNCTION = YES;
				GCC_WARN_UNUSED_VARIABLE = YES;
				IPHONEOS_DEPLOYMENT_TARGET = 14.3;
				MTL_ENABLE_DEBUG_INFO = NO;
				MTL_FAST_MATH = YES;
				SDKROOT = iphoneos;
				SWIFT_COMPILATION_MODE = wholemodule;
				SWIFT_OPTIMIZATION_LEVEL = "-O";
				VALIDATE_PRODUCT = YES;
			};
			name = Release;
		};
		DFFD8F6F271A8E5B008C5D3C /* Debug */ = {
			isa = XCBuildConfiguration;
			buildSettings = {
				ASSETCATALOG_COMPILER_APPICON_NAME = AppIcon;
				ASSETCATALOG_COMPILER_GLOBAL_ACCENT_COLOR_NAME = AccentColor;
				CODE_SIGN_IDENTITY = "Apple Development";
				CODE_SIGN_STYLE = Automatic;
				DEVELOPMENT_TEAM = "";
				INFOPLIST_FILE = ContactsApp/Info.plist;
				LD_RUNPATH_SEARCH_PATHS = (
					"$(inherited)",
					"@executable_path/Frameworks",
				);
				PRODUCT_BUNDLE_IDENTIFIER = com.malla.ContactsApp;
				PRODUCT_NAME = "$(TARGET_NAME)";
				PROVISIONING_PROFILE_SPECIFIER = "";
				SWIFT_VERSION = 5.0;
				TARGETED_DEVICE_FAMILY = 1;
			};
			name = Debug;
		};
		DFFD8F70271A8E5B008C5D3C /* Release */ = {
			isa = XCBuildConfiguration;
			buildSettings = {
				ASSETCATALOG_COMPILER_APPICON_NAME = AppIcon;
				ASSETCATALOG_COMPILER_GLOBAL_ACCENT_COLOR_NAME = AccentColor;
				CODE_SIGN_IDENTITY = "Apple Development";
				CODE_SIGN_STYLE = Automatic;
				DEVELOPMENT_TEAM = "";
				INFOPLIST_FILE = ContactsApp/Info.plist;
				LD_RUNPATH_SEARCH_PATHS = (
					"$(inherited)",
					"@executable_path/Frameworks",
				);
				PRODUCT_BUNDLE_IDENTIFIER = com.malla.ContactsApp;
				PRODUCT_NAME = "$(TARGET_NAME)";
				PROVISIONING_PROFILE_SPECIFIER = "";
				SWIFT_VERSION = 5.0;
				TARGETED_DEVICE_FAMILY = 1;
			};
			name = Release;
		};
		DFFD8F72271A8E5B008C5D3C /* Debug */ = {
			isa = XCBuildConfiguration;
			buildSettings = {
				ALWAYS_EMBED_SWIFT_STANDARD_LIBRARIES = YES;
				BUNDLE_LOADER = "$(TEST_HOST)";
				CODE_SIGN_STYLE = Automatic;
				INFOPLIST_FILE = ContactsAppTests/Info.plist;
				IPHONEOS_DEPLOYMENT_TARGET = 14.3;
				LD_RUNPATH_SEARCH_PATHS = (
					"$(inherited)",
					"@executable_path/Frameworks",
					"@loader_path/Frameworks",
				);
				PRODUCT_BUNDLE_IDENTIFIER = com.malla.ContactsAppTests;
				PRODUCT_NAME = "$(TARGET_NAME)";
				SWIFT_VERSION = 5.0;
				TARGETED_DEVICE_FAMILY = "1,2";
				TEST_HOST = "$(BUILT_PRODUCTS_DIR)/ContactsApp.app/ContactsApp";
			};
			name = Debug;
		};
		DFFD8F73271A8E5B008C5D3C /* Release */ = {
			isa = XCBuildConfiguration;
			buildSettings = {
				ALWAYS_EMBED_SWIFT_STANDARD_LIBRARIES = YES;
				BUNDLE_LOADER = "$(TEST_HOST)";
				CODE_SIGN_STYLE = Automatic;
				INFOPLIST_FILE = ContactsAppTests/Info.plist;
				IPHONEOS_DEPLOYMENT_TARGET = 14.3;
				LD_RUNPATH_SEARCH_PATHS = (
					"$(inherited)",
					"@executable_path/Frameworks",
					"@loader_path/Frameworks",
				);
				PRODUCT_BUNDLE_IDENTIFIER = com.malla.ContactsAppTests;
				PRODUCT_NAME = "$(TARGET_NAME)";
				SWIFT_VERSION = 5.0;
				TARGETED_DEVICE_FAMILY = "1,2";
				TEST_HOST = "$(BUILT_PRODUCTS_DIR)/ContactsApp.app/ContactsApp";
			};
			name = Release;
		};
		DFFD8F75271A8E5B008C5D3C /* Debug */ = {
			isa = XCBuildConfiguration;
			buildSettings = {
				ALWAYS_EMBED_SWIFT_STANDARD_LIBRARIES = YES;
				CODE_SIGN_STYLE = Automatic;
				INFOPLIST_FILE = ContactsAppUITests/Info.plist;
				LD_RUNPATH_SEARCH_PATHS = (
					"$(inherited)",
					"@executable_path/Frameworks",
					"@loader_path/Frameworks",
				);
				PRODUCT_BUNDLE_IDENTIFIER = com.malla.ContactsAppUITests;
				PRODUCT_NAME = "$(TARGET_NAME)";
				SWIFT_VERSION = 5.0;
				TARGETED_DEVICE_FAMILY = "1,2";
				TEST_TARGET_NAME = ContactsApp;
			};
			name = Debug;
		};
		DFFD8F76271A8E5B008C5D3C /* Release */ = {
			isa = XCBuildConfiguration;
			buildSettings = {
				ALWAYS_EMBED_SWIFT_STANDARD_LIBRARIES = YES;
				CODE_SIGN_STYLE = Automatic;
				INFOPLIST_FILE = ContactsAppUITests/Info.plist;
				LD_RUNPATH_SEARCH_PATHS = (
					"$(inherited)",
					"@executable_path/Frameworks",
					"@loader_path/Frameworks",
				);
				PRODUCT_BUNDLE_IDENTIFIER = com.malla.ContactsAppUITests;
				PRODUCT_NAME = "$(TARGET_NAME)";
				SWIFT_VERSION = 5.0;
				TARGETED_DEVICE_FAMILY = "1,2";
				TEST_TARGET_NAME = ContactsApp;
			};
			name = Release;
		};
/* End XCBuildConfiguration section */

/* Begin XCConfigurationList section */
		DFFD8F3F271A8E53008C5D3C /* Build configuration list for PBXProject "ContactsApp" */ = {
			isa = XCConfigurationList;
			buildConfigurations = (
				DFFD8F6C271A8E5B008C5D3C /* Debug */,
				DFFD8F6D271A8E5B008C5D3C /* Release */,
			);
			defaultConfigurationIsVisible = 0;
			defaultConfigurationName = Release;
		};
		DFFD8F6E271A8E5B008C5D3C /* Build configuration list for PBXNativeTarget "ContactsApp" */ = {
			isa = XCConfigurationList;
			buildConfigurations = (
				DFFD8F6F271A8E5B008C5D3C /* Debug */,
				DFFD8F70271A8E5B008C5D3C /* Release */,
			);
			defaultConfigurationIsVisible = 0;
			defaultConfigurationName = Release;
		};
		DFFD8F71271A8E5B008C5D3C /* Build configuration list for PBXNativeTarget "ContactsAppTests" */ = {
			isa = XCConfigurationList;
			buildConfigurations = (
				DFFD8F72271A8E5B008C5D3C /* Debug */,
				DFFD8F73271A8E5B008C5D3C /* Release */,
			);
			defaultConfigurationIsVisible = 0;
			defaultConfigurationName = Release;
		};
		DFFD8F74271A8E5B008C5D3C /* Build configuration list for PBXNativeTarget "ContactsAppUITests" */ = {
			isa = XCConfigurationList;
			buildConfigurations = (
				DFFD8F75271A8E5B008C5D3C /* Debug */,
				DFFD8F76271A8E5B008C5D3C /* Release */,
			);
			defaultConfigurationIsVisible = 0;
			defaultConfigurationName = Release;
		};
/* End XCConfigurationList section */
	};
	rootObject = DFFD8F3C271A8E53008C5D3C /* Project object */;
}
